
Microsoft Visual Studio Solution File, Format Version 12.00
# Visual Studio 15
VisualStudioVersion = 15.0.27428.2043
MinimumVisualStudioVersion = 10.0.40219.1
Project("{FAE04EC0-301F-11D3-BF4B-00C04F79EFBC}") = "simulated-device", "simulated-device\simulated-device.csproj", "{17745C94-B1CD-4E29-979D-D9E351713DCA}"
EndProject
Global
	GlobalSection(SolutionConfigurationPlatforms) = preSolution
		Debug|Any CPU = Debug|Any CPU
		Release|Any CPU = Release|Any CPU
	EndGlobalSection
	GlobalSection(ProjectConfigurationPlatforms) = postSolution
		{17745C94-B1CD-4E29-979D-D9E351713DCA}.Debug|Any CPU.ActiveCfg = Debug|Any CPU
		{17745C94-B1CD-4E29-979D-D9E351713DCA}.Debug|Any CPU.Build.0 = Debug|Any CPU
		{17745C94-B1CD-4E29-979D-D9E351713DCA}.Release|Any CPU.ActiveCfg = Release|Any CPU
		{17745C94-B1CD-4E29-979D-D9E351713DCA}.Release|Any CPU.Build.0 = Release|Any CPU
	EndGlobalSection
	GlobalSection(SolutionProperties) = preSolution
		HideSolutionNode = FALSE
	EndGlobalSection
	GlobalSection(ExtensibilityGlobals) = postSolution
		SolutionGuid = {3D6B633D-96CB-46D5-863E-7B290434AE7C}
	EndGlobalSection
EndGlobal
